// !$*UTF8*$!
{
	archiveVersion = 1;
	classes = {
	};
	objectVersion = 56;
	objects = {

/* Begin PBXBuildFile section */
		750E4C0B2BEDD11C00AEE3B1 /* AppDelegate.swift in Sources */ = {isa = PBXBuildFile; fileRef = 750E4C0A2BEDD11C00AEE3B1 /* AppDelegate.swift */; };
		750E4C0D2BEDD11C00AEE3B1 /* SceneDelegate.swift in Sources */ = {isa = PBXBuildFile; fileRef = 750E4C0C2BEDD11C00AEE3B1 /* SceneDelegate.swift */; };
		750E4C0F2BEDD11C00AEE3B1 /* ViewController.swift in Sources */ = {isa = PBXBuildFile; fileRef = 750E4C0E2BEDD11C00AEE3B1 /* ViewController.swift */; };
		750E4C122BEDD11C00AEE3B1 /* Base in Resources */ = {isa = PBXBuildFile; fileRef = 750E4C112BEDD11C00AEE3B1 /* Base */; };
		750E4C142BEDD11D00AEE3B1 /* Assets.xcassets in Resources */ = {isa = PBXBuildFile; fileRef = 750E4C132BEDD11D00AEE3B1 /* Assets.xcassets */; };
		750E4C172BEDD11D00AEE3B1 /* Base in Resources */ = {isa = PBXBuildFile; fileRef = 750E4C162BEDD11D00AEE3B1 /* Base */; };
		750E4C202BEDD16E00AEE3B1 /* Starscream in Frameworks */ = {isa = PBXBuildFile; productRef = 750E4C1F2BEDD16E00AEE3B1 /* Starscream */; };
		755DC3B22BEE60A7002B66DF /* AudioRecording.swift in Sources */ = {isa = PBXBuildFile; fileRef = 755DC3B12BEE60A7002B66DF /* AudioRecording.swift */; };
/* End PBXBuildFile section */

/* Begin PBXFileReference section */
		750E4C072BEDD11C00AEE3B1 /* zeroone-app.app */ = {isa = PBXFileReference; explicitFileType = wrapper.application; includeInIndex = 0; path = "zeroone-app.app"; sourceTree = BUILT_PRODUCTS_DIR; };
		750E4C0A2BEDD11C00AEE3B1 /* AppDelegate.swift */ = {isa = PBXFileReference; lastKnownFileType = sourcecode.swift; path = AppDelegate.swift; sourceTree = "<group>"; };
		750E4C0C2BEDD11C00AEE3B1 /* SceneDelegate.swift */ = {isa = PBXFileReference; lastKnownFileType = sourcecode.swift; path = SceneDelegate.swift; sourceTree = "<group>"; };
		750E4C0E2BEDD11C00AEE3B1 /* ViewController.swift */ = {isa = PBXFileReference; lastKnownFileType = sourcecode.swift; path = ViewController.swift; sourceTree = "<group>"; };
		750E4C112BEDD11C00AEE3B1 /* Base */ = {isa = PBXFileReference; lastKnownFileType = file.storyboard; name = Base; path = Base.lproj/Main.storyboard; sourceTree = "<group>"; };
		750E4C132BEDD11D00AEE3B1 /* Assets.xcassets */ = {isa = PBXFileReference; lastKnownFileType = folder.assetcatalog; path = Assets.xcassets; sourceTree = "<group>"; };
		750E4C162BEDD11D00AEE3B1 /* Base */ = {isa = PBXFileReference; lastKnownFileType = file.storyboard; name = Base; path = Base.lproj/LaunchScreen.storyboard; sourceTree = "<group>"; };
		750E4C182BEDD11D00AEE3B1 /* Info.plist */ = {isa = PBXFileReference; lastKnownFileType = text.plist.xml; path = Info.plist; sourceTree = "<group>"; };
		755DC3B12BEE60A7002B66DF /* AudioRecording.swift */ = {isa = PBXFileReference; lastKnownFileType = sourcecode.swift; path = AudioRecording.swift; sourceTree = "<group>"; };
/* End PBXFileReference section */

/* Begin PBXFrameworksBuildPhase section */
		750E4C042BEDD11C00AEE3B1 /* Frameworks */ = {
			isa = PBXFrameworksBuildPhase;
			buildActionMask = 2147483647;
			files = (
				750E4C202BEDD16E00AEE3B1 /* Starscream in Frameworks */,
			);
			runOnlyForDeploymentPostprocessing = 0;
		};
/* End PBXFrameworksBuildPhase section */

/* Begin PBXGroup section */
		750E4BFE2BEDD11C00AEE3B1 = {
			isa = PBXGroup;
			children = (
				750E4C092BEDD11C00AEE3B1 /* zeroone-app */,
				750E4C082BEDD11C00AEE3B1 /* Products */,
			);
			sourceTree = "<group>";
		};
		750E4C082BEDD11C00AEE3B1 /* Products */ = {
			isa = PBXGroup;
			children = (
				750E4C072BEDD11C00AEE3B1 /* zeroone-app.app */,
			);
			name = Products;
			sourceTree = "<group>";
		};
		750E4C092BEDD11C00AEE3B1 /* zeroone-app */ = {
			isa = PBXGroup;
			children = (
				750E4C0A2BEDD11C00AEE3B1 /* AppDelegate.swift */,
				750E4C0C2BEDD11C00AEE3B1 /* SceneDelegate.swift */,
				750E4C0E2BEDD11C00AEE3B1 /* ViewController.swift */,
				750E4C102BEDD11C00AEE3B1 /* Main.storyboard */,
				750E4C132BEDD11D00AEE3B1 /* Assets.xcassets */,
				750E4C152BEDD11D00AEE3B1 /* LaunchScreen.storyboard */,
				750E4C182BEDD11D00AEE3B1 /* Info.plist */,
				755DC3B12BEE60A7002B66DF /* AudioRecording.swift */,
			);
			path = "zeroone-app";
			sourceTree = "<group>";
		};
/* End PBXGroup section */

/* Begin PBXNativeTarget section */
		750E4C062BEDD11C00AEE3B1 /* zeroone-app */ = {
			isa = PBXNativeTarget;
			buildConfigurationList = 750E4C1B2BEDD11D00AEE3B1 /* Build configuration list for PBXNativeTarget "zeroone-app" */;
			buildPhases = (
				750E4C032BEDD11C00AEE3B1 /* Sources */,
				750E4C042BEDD11C00AEE3B1 /* Frameworks */,
				750E4C052BEDD11C00AEE3B1 /* Resources */,
			);
			buildRules = (
			);
			dependencies = (
			);
			name = "zeroone-app";
			packageProductDependencies = (
				750E4C1F2BEDD16E00AEE3B1 /* Starscream */,
			);
			productName = "zeroone-app";
			productReference = 750E4C072BEDD11C00AEE3B1 /* zeroone-app.app */;
			productType = "com.apple.product-type.application";
		};
/* End PBXNativeTarget section */

/* Begin PBXProject section */
		750E4BFF2BEDD11C00AEE3B1 /* Project object */ = {
			isa = PBXProject;
			attributes = {
				BuildIndependentTargetsInParallel = 1;
				LastSwiftUpdateCheck = 1530;
				LastUpgradeCheck = 1530;
				TargetAttributes = {
					750E4C062BEDD11C00AEE3B1 = {
						CreatedOnToolsVersion = 15.3;
					};
				};
			};
			buildConfigurationList = 750E4C022BEDD11C00AEE3B1 /* Build configuration list for PBXProject "zeroone-app" */;
			compatibilityVersion = "Xcode 14.0";
			developmentRegion = en;
			hasScannedForEncodings = 0;
			knownRegions = (
				en,
				Base,
			);
			mainGroup = 750E4BFE2BEDD11C00AEE3B1;
			packageReferences = (
				750E4C1E2BEDD16D00AEE3B1 /* XCRemoteSwiftPackageReference "Starscream" */,
			);
			productRefGroup = 750E4C082BEDD11C00AEE3B1 /* Products */;
			projectDirPath = "";
			projectRoot = "";
			targets = (
				750E4C062BEDD11C00AEE3B1 /* zeroone-app */,
			);
		};
/* End PBXProject section */

/* Begin PBXResourcesBuildPhase section */
		750E4C052BEDD11C00AEE3B1 /* Resources */ = {
			isa = PBXResourcesBuildPhase;
			buildActionMask = 2147483647;
			files = (
				750E4C142BEDD11D00AEE3B1 /* Assets.xcassets in Resources */,
				750E4C172BEDD11D00AEE3B1 /* Base in Resources */,
				750E4C122BEDD11C00AEE3B1 /* Base in Resources */,
			);
			runOnlyForDeploymentPostprocessing = 0;
		};
/* End PBXResourcesBuildPhase section */

/* Begin PBXSourcesBuildPhase section */
		750E4C032BEDD11C00AEE3B1 /* Sources */ = {
			isa = PBXSourcesBuildPhase;
			buildActionMask = 2147483647;
			files = (
				750E4C0F2BEDD11C00AEE3B1 /* ViewController.swift in Sources */,
				750E4C0B2BEDD11C00AEE3B1 /* AppDelegate.swift in Sources */,
				755DC3B22BEE60A7002B66DF /* AudioRecording.swift in Sources */,
				750E4C0D2BEDD11C00AEE3B1 /* SceneDelegate.swift in Sources */,
			);
			runOnlyForDeploymentPostprocessing = 0;
		};
/* End PBXSourcesBuildPhase section */

/* Begin PBXVariantGroup section */
		750E4C102BEDD11C00AEE3B1 /* Main.storyboard */ = {
			isa = PBXVariantGroup;
			children = (
				750E4C112BEDD11C00AEE3B1 /* Base */,
			);
			name = Main.storyboard;
			sourceTree = "<group>";
		};
		750E4C152BEDD11D00AEE3B1 /* LaunchScreen.storyboard */ = {
			isa = PBXVariantGroup;
			children = (
				750E4C162BEDD11D00AEE3B1 /* Base */,
			);
			name = LaunchScreen.storyboard;
			sourceTree = "<group>";
		};
/* End PBXVariantGroup section */

/* Begin XCBuildConfiguration section */
		750E4C192BEDD11D00AEE3B1 /* Debug */ = {
			isa = XCBuildConfiguration;
			buildSettings = {
				ALWAYS_SEARCH_USER_PATHS = NO;
				ASSETCATALOG_COMPILER_GENERATE_SWIFT_ASSET_SYMBOL_EXTENSIONS = YES;
				CLANG_ANALYZER_NONNULL = YES;
				CLANG_ANALYZER_NUMBER_OBJECT_CONVERSION = YES_AGGRESSIVE;
				CLANG_CXX_LANGUAGE_STANDARD = "gnu++20";
				CLANG_ENABLE_MODULES = YES;
				CLANG_ENABLE_OBJC_ARC = YES;
				CLANG_ENABLE_OBJC_WEAK = YES;
				CLANG_WARN_BLOCK_CAPTURE_AUTORELEASING = YES;
				CLANG_WARN_BOOL_CONVERSION = YES;
				CLANG_WARN_COMMA = YES;
				CLANG_WARN_CONSTANT_CONVERSION = YES;
				CLANG_WARN_DEPRECATED_OBJC_IMPLEMENTATIONS = YES;
				CLANG_WARN_DIRECT_OBJC_ISA_USAGE = YES_ERROR;
				CLANG_WARN_DOCUMENTATION_COMMENTS = YES;
				CLANG_WARN_EMPTY_BODY = YES;
				CLANG_WARN_ENUM_CONVERSION = YES;
				CLANG_WARN_INFINITE_RECURSION = YES;
				CLANG_WARN_INT_CONVERSION = YES;
				CLANG_WARN_NON_LITERAL_NULL_CONVERSION = YES;
				CLANG_WARN_OBJC_IMPLICIT_RETAIN_SELF = YES;
				CLANG_WARN_OBJC_LITERAL_CONVERSION = YES;
				CLANG_WARN_OBJC_ROOT_CLASS = YES_ERROR;
				CLANG_WARN_QUOTED_INCLUDE_IN_FRAMEWORK_HEADER = YES;
				CLANG_WARN_RANGE_LOOP_ANALYSIS = YES;
				CLANG_WARN_STRICT_PROTOTYPES = YES;
				CLANG_WARN_SUSPICIOUS_MOVE = YES;
				CLANG_WARN_UNGUARDED_AVAILABILITY = YES_AGGRESSIVE;
				CLANG_WARN_UNREACHABLE_CODE = YES;
				CLANG_WARN__DUPLICATE_METHOD_MATCH = YES;
				COPY_PHASE_STRIP = NO;
				DEBUG_INFORMATION_FORMAT = dwarf;
				ENABLE_STRICT_OBJC_MSGSEND = YES;
				ENABLE_TESTABILITY = YES;
				ENABLE_USER_SCRIPT_SANDBOXING = YES;
				GCC_C_LANGUAGE_STANDARD = gnu17;
				GCC_DYNAMIC_NO_PIC = NO;
				GCC_NO_COMMON_BLOCKS = YES;
				GCC_OPTIMIZATION_LEVEL = 0;
				GCC_PREPROCESSOR_DEFINITIONS = (
					"DEBUG=1",
					"$(inherited)",
				);
				GCC_WARN_64_TO_32_BIT_CONVERSION = YES;
				GCC_WARN_ABOUT_RETURN_TYPE = YES_ERROR;
				GCC_WARN_UNDECLARED_SELECTOR = YES;
				GCC_WARN_UNINITIALIZED_AUTOS = YES_AGGRESSIVE;
				GCC_WARN_UNUSED_FUNCTION = YES;
				GCC_WARN_UNUSED_VARIABLE = YES;
				IPHONEOS_DEPLOYMENT_TARGET = 15.0;
				LOCALIZATION_PREFERS_STRING_CATALOGS = YES;
				MTL_ENABLE_DEBUG_INFO = INCLUDE_SOURCE;
				MTL_FAST_MATH = YES;
				ONLY_ACTIVE_ARCH = YES;
				SDKROOT = iphoneos;
				SWIFT_ACTIVE_COMPILATION_CONDITIONS = "DEBUG $(inherited)";
				SWIFT_OPTIMIZATION_LEVEL = "-Onone";
			};
			name = Debug;
		};
		750E4C1A2BEDD11D00AEE3B1 /* Release */ = {
			isa = XCBuildConfiguration;
			buildSettings = {
				ALWAYS_SEARCH_USER_PATHS = NO;
				ASSETCATALOG_COMPILER_GENERATE_SWIFT_ASSET_SYMBOL_EXTENSIONS = YES;
				CLANG_ANALYZER_NONNULL = YES;
				CLANG_ANALYZER_NUMBER_OBJECT_CONVERSION = YES_AGGRESSIVE;
				CLANG_CXX_LANGUAGE_STANDARD = "gnu++20";
				CLANG_ENABLE_MODULES = YES;
				CLANG_ENABLE_OBJC_ARC = YES;
				CLANG_ENABLE_OBJC_WEAK = YES;
				CLANG_WARN_BLOCK_CAPTURE_AUTORELEASING = YES;
				CLANG_WARN_BOOL_CONVERSION = YES;
				CLANG_WARN_COMMA = YES;
				CLANG_WARN_CONSTANT_CONVERSION = YES;
				CLANG_WARN_DEPRECATED_OBJC_IMPLEMENTATIONS = YES;
				CLANG_WARN_DIRECT_OBJC_ISA_USAGE = YES_ERROR;
				CLANG_WARN_DOCUMENTATION_COMMENTS = YES;
				CLANG_WARN_EMPTY_BODY = YES;
				CLANG_WARN_ENUM_CONVERSION = YES;
				CLANG_WARN_INFINITE_RECURSION = YES;
				CLANG_WARN_INT_CONVERSION = YES;
				CLANG_WARN_NON_LITERAL_NULL_CONVERSION = YES;
				CLANG_WARN_OBJC_IMPLICIT_RETAIN_SELF = YES;
				CLANG_WARN_OBJC_LITERAL_CONVERSION = YES;
				CLANG_WARN_OBJC_ROOT_CLASS = YES_ERROR;
				CLANG_WARN_QUOTED_INCLUDE_IN_FRAMEWORK_HEADER = YES;
				CLANG_WARN_RANGE_LOOP_ANALYSIS = YES;
				CLANG_WARN_STRICT_PROTOTYPES = YES;
				CLANG_WARN_SUSPICIOUS_MOVE = YES;
				CLANG_WARN_UNGUARDED_AVAILABILITY = YES_AGGRESSIVE;
				CLANG_WARN_UNREACHABLE_CODE = YES;
				CLANG_WARN__DUPLICATE_METHOD_MATCH = YES;
				COPY_PHASE_STRIP = NO;
				DEBUG_INFORMATION_FORMAT = "dwarf-with-dsym";
				ENABLE_NS_ASSERTIONS = NO;
				ENABLE_STRICT_OBJC_MSGSEND = YES;
				ENABLE_USER_SCRIPT_SANDBOXING = YES;
				GCC_C_LANGUAGE_STANDARD = gnu17;
				GCC_NO_COMMON_BLOCKS = YES;
				GCC_WARN_64_TO_32_BIT_CONVERSION = YES;
				GCC_WARN_ABOUT_RETURN_TYPE = YES_ERROR;
				GCC_WARN_UNDECLARED_SELECTOR = YES;
				GCC_WARN_UNINITIALIZED_AUTOS = YES_AGGRESSIVE;
				GCC_WARN_UNUSED_FUNCTION = YES;
				GCC_WARN_UNUSED_VARIABLE = YES;
				IPHONEOS_DEPLOYMENT_TARGET = 15.0;
				LOCALIZATION_PREFERS_STRING_CATALOGS = YES;
				MTL_ENABLE_DEBUG_INFO = NO;
				MTL_FAST_MATH = YES;
				SDKROOT = iphoneos;
				SWIFT_COMPILATION_MODE = wholemodule;
				VALIDATE_PRODUCT = YES;
			};
			name = Release;
		};
		750E4C1C2BEDD11D00AEE3B1 /* Debug */ = {
			isa = XCBuildConfiguration;
			buildSettings = {
				ASSETCATALOG_COMPILER_APPICON_NAME = AppIcon;
				ASSETCATALOG_COMPILER_GLOBAL_ACCENT_COLOR_NAME = AccentColor;
				CODE_SIGN_STYLE = Automatic;
				CURRENT_PROJECT_VERSION = 4;
				DEVELOPMENT_TEAM = W5NGQJV8X2;
				GENERATE_INFOPLIST_FILE = YES;
				INFOPLIST_FILE = "zeroone-app/Info.plist";
				INFOPLIST_KEY_CFBundleDisplayName = 01ForiOS;
				INFOPLIST_KEY_LSApplicationCategoryType = "public.app-category.developer-tools";
				INFOPLIST_KEY_NSMicrophoneUsageDescription = "Audio data from microphone is needed to send commands.";
				INFOPLIST_KEY_UIApplicationSupportsIndirectInputEvents = YES;
				INFOPLIST_KEY_UILaunchStoryboardName = LaunchScreen;
				INFOPLIST_KEY_UIMainStoryboardFile = Main;
				INFOPLIST_KEY_UISupportedInterfaceOrientations = "UIInterfaceOrientationPortrait UIInterfaceOrientationPortraitUpsideDown";
				INFOPLIST_KEY_UISupportedInterfaceOrientations_iPad = "UIInterfaceOrientationLandscapeLeft UIInterfaceOrientationLandscapeRight UIInterfaceOrientationPortrait UIInterfaceOrientationPortraitUpsideDown";
				IPHONEOS_DEPLOYMENT_TARGET = 15;
				LD_RUNPATH_SEARCH_PATHS = (
					"$(inherited)",
					"@executable_path/Frameworks",
				);
				MARKETING_VERSION = 1.0;
				PRODUCT_BUNDLE_IDENTIFIER = "com.ontheroofstudios.zeroone-app";
				PRODUCT_NAME = "$(TARGET_NAME)";
				SUPPORTED_PLATFORMS = "iphoneos iphonesimulator";
				SUPPORTS_MACCATALYST = NO;
				SUPPORTS_MAC_DESIGNED_FOR_IPHONE_IPAD = NO;
				SUPPORTS_XR_DESIGNED_FOR_IPHONE_IPAD = NO;
				SWIFT_EMIT_LOC_STRINGS = YES;
				SWIFT_VERSION = 5.0;
				TARGETED_DEVICE_FAMILY = "1,2";
			};
			name = Debug;
		};
		750E4C1D2BEDD11D00AEE3B1 /* Release */ = {
			isa = XCBuildConfiguration;
			buildSettings = {
				ASSETCATALOG_COMPILER_APPICON_NAME = AppIcon;
				ASSETCATALOG_COMPILER_GLOBAL_ACCENT_COLOR_NAME = AccentColor;
				CODE_SIGN_STYLE = Automatic;
				CURRENT_PROJECT_VERSION = 4;
				DEVELOPMENT_TEAM = W5NGQJV8X2;
				GENERATE_INFOPLIST_FILE = YES;
				INFOPLIST_FILE = "zeroone-app/Info.plist";
				INFOPLIST_KEY_CFBundleDisplayName = 01ForiOS;
				INFOPLIST_KEY_LSApplicationCategoryType = "public.app-category.developer-tools";
				INFOPLIST_KEY_NSMicrophoneUsageDescription = "Audio data from microphone is needed to send commands.";
				INFOPLIST_KEY_UIApplicationSupportsIndirectInputEvents = YES;
				INFOPLIST_KEY_UILaunchStoryboardName = LaunchScreen;
				INFOPLIST_KEY_UIMainStoryboardFile = Main;
				INFOPLIST_KEY_UISupportedInterfaceOrientations = "UIInterfaceOrientationPortrait UIInterfaceOrientationPortraitUpsideDown";
				INFOPLIST_KEY_UISupportedInterfaceOrientations_iPad = "UIInterfaceOrientationLandscapeLeft UIInterfaceOrientationLandscapeRight UIInterfaceOrientationPortrait UIInterfaceOrientationPortraitUpsideDown";
				IPHONEOS_DEPLOYMENT_TARGET = 15;
				LD_RUNPATH_SEARCH_PATHS = (
					"$(inherited)",
					"@executable_path/Frameworks",
				);
				MARKETING_VERSION = 1.0;
				PRODUCT_BUNDLE_IDENTIFIER = "com.ontheroofstudios.zeroone-app";
				PRODUCT_NAME = "$(TARGET_NAME)";
				SUPPORTED_PLATFORMS = "iphoneos iphonesimulator";
				SUPPORTS_MACCATALYST = NO;
				SUPPORTS_MAC_DESIGNED_FOR_IPHONE_IPAD = NO;
				SUPPORTS_XR_DESIGNED_FOR_IPHONE_IPAD = NO;
				SWIFT_EMIT_LOC_STRINGS = YES;
				SWIFT_VERSION = 5.0;
				TARGETED_DEVICE_FAMILY = "1,2";
			};
			name = Release;
		};
/* End XCBuildConfiguration section */

/* Begin XCConfigurationList section */
		750E4C022BEDD11C00AEE3B1 /* Build configuration list for PBXProject "zeroone-app" */ = {
			isa = XCConfigurationList;
			buildConfigurations = (
				750E4C192BEDD11D00AEE3B1 /* Debug */,
				750E4C1A2BEDD11D00AEE3B1 /* Release */,
			);
			defaultConfigurationIsVisible = 0;
			defaultConfigurationName = Release;
		};
		750E4C1B2BEDD11D00AEE3B1 /* Build configuration list for PBXNativeTarget "zeroone-app" */ = {
			isa = XCConfigurationList;
			buildConfigurations = (
				750E4C1C2BEDD11D00AEE3B1 /* Debug */,
				750E4C1D2BEDD11D00AEE3B1 /* Release */,
			);
			defaultConfigurationIsVisible = 0;
			defaultConfigurationName = Release;
		};
/* End XCConfigurationList section */

/* Begin XCRemoteSwiftPackageReference section */
		750E4C1E2BEDD16D00AEE3B1 /* XCRemoteSwiftPackageReference "Starscream" */ = {
			isa = XCRemoteSwiftPackageReference;
			repositoryURL = "https://github.com/daltoniam/Starscream";
			requirement = {
				kind = upToNextMajorVersion;
				minimumVersion = 4.0.8;
			};
		};
/* End XCRemoteSwiftPackageReference section */

/* Begin XCSwiftPackageProductDependency section */
		750E4C1F2BEDD16E00AEE3B1 /* Starscream */ = {
			isa = XCSwiftPackageProductDependency;
			package = 750E4C1E2BEDD16D00AEE3B1 /* XCRemoteSwiftPackageReference "Starscream" */;
			productName = Starscream;
		};
/* End XCSwiftPackageProductDependency section */
	};
	rootObject = 750E4BFF2BEDD11C00AEE3B1 /* Project object */;
}
